
Microsoft Visual Studio Solution File, Format Version 12.00
# Visual Studio Version 16
VisualStudioVersion = 16.0.30611.23
MinimumVisualStudioVersion = 10.0.40219.1
Project("{FAE04EC0-301F-11D3-BF4B-00C04F79EFBC}") = "RecapProject1", "RecapProject1\RecapProject1.csproj", "{DE2B79E9-5B64-439B-BD42-EE402E7398FF}"
EndProject
Global
	GlobalSection(SolutionConfigurationPlatforms) = preSolution
		Debug|Any CPU = Debug|Any CPU
		Release|Any CPU = Release|Any CPU
	EndGlobalSection
	GlobalSection(ProjectConfigurationPlatforms) = postSolution
		{DE2B79E9-5B64-439B-BD42-EE402E7398FF}.Debug|Any CPU.ActiveCfg = Debug|Any CPU
		{DE2B79E9-5B64-439B-BD42-EE402E7398FF}.Debug|Any CPU.Build.0 = Debug|Any CPU
		{DE2B79E9-5B64-439B-BD42-EE402E7398FF}.Release|Any CPU.ActiveCfg = Release|Any CPU
		{DE2B79E9-5B64-439B-BD42-EE402E7398FF}.Release|Any CPU.Build.0 = Release|Any CPU
	EndGlobalSection
	GlobalSection(SolutionProperties) = preSolution
		HideSolutionNode = FALSE
	EndGlobalSection
	GlobalSection(ExtensibilityGlobals) = postSolution
		SolutionGuid = {A0BC978F-2278-4068-8DD7-6F5247C4A6DD}
	EndGlobalSection
EndGlobal
